
Microsoft Visual Studio Solution File, Format Version 12.00
# Visual Studio Version 17
VisualStudioVersion = 17.2.32630.192
MinimumVisualStudioVersion = 10.0.40219.1
Project("{FAE04EC0-301F-11D3-BF4B-00C04F79EFBC}") = "M_Kaya Kütüphane", "M_Kaya Kütüphane\M_Kaya Kütüphane.csproj", "{5DC17B26-0CB3-4795-B603-DDE000DEA81C}"
EndProject
Global
	GlobalSection(SolutionConfigurationPlatforms) = preSolution
		Debug|Any CPU = Debug|Any CPU
		Release|Any CPU = Release|Any CPU
	EndGlobalSection
	GlobalSection(ProjectConfigurationPlatforms) = postSolution
		{5DC17B26-0CB3-4795-B603-DDE000DEA81C}.Debug|Any CPU.ActiveCfg = Debug|Any CPU
		{5DC17B26-0CB3-4795-B603-DDE000DEA81C}.Debug|Any CPU.Build.0 = Debug|Any CPU
		{5DC17B26-0CB3-4795-B603-DDE000DEA81C}.Release|Any CPU.ActiveCfg = Release|Any CPU
		{5DC17B26-0CB3-4795-B603-DDE000DEA81C}.Release|Any CPU.Build.0 = Release|Any CPU
	EndGlobalSection
	GlobalSection(SolutionProperties) = preSolution
		HideSolutionNode = FALSE
	EndGlobalSection
	GlobalSection(ExtensibilityGlobals) = postSolution
		SolutionGuid = {B7745B71-B941-4B5E-B1B3-38435369E5FD}
	EndGlobalSection
EndGlobal
